
Microsoft Visual Studio Solution File, Format Version 12.00
# Visual Studio Version 17
VisualStudioVersion = 17.9.34622.214
MinimumVisualStudioVersion = 10.0.40219.1
Project("{FAE04EC0-301F-11D3-BF4B-00C04F79EFBC}") = "SistemaInventariosV6", "SistemaInventariosV6\SistemaInventariosV6.csproj", "{0CE18497-C913-431A-A54B-97E6EDB833E8}"
EndProject
Global
	GlobalSection(SolutionConfigurationPlatforms) = preSolution
		Debug|Any CPU = Debug|Any CPU
		Release|Any CPU = Release|Any CPU
	EndGlobalSection
	GlobalSection(ProjectConfigurationPlatforms) = postSolution
		{0CE18497-C913-431A-A54B-97E6EDB833E8}.Debug|Any CPU.ActiveCfg = Debug|Any CPU
		{0CE18497-C913-431A-A54B-97E6EDB833E8}.Debug|Any CPU.Build.0 = Debug|Any CPU
		{0CE18497-C913-431A-A54B-97E6EDB833E8}.Release|Any CPU.ActiveCfg = Release|Any CPU
		{0CE18497-C913-431A-A54B-97E6EDB833E8}.Release|Any CPU.Build.0 = Release|Any CPU
	EndGlobalSection
	GlobalSection(SolutionProperties) = preSolution
		HideSolutionNode = FALSE
	EndGlobalSection
	GlobalSection(ExtensibilityGlobals) = postSolution
		SolutionGuid = {1535729A-2DC4-47ED-9EFE-07E89729A104}
	EndGlobalSection
EndGlobal
